
Microsoft Visual Studio Solution File, Format Version 12.00
# Visual Studio Version 17
VisualStudioVersion = 17.6.33712.159
MinimumVisualStudioVersion = 10.0.40219.1
Project("{8BC9CEB8-8B4A-11D0-8D11-00A0C91BC942}") = "M1_1", "M1_1\M1.vcxproj", "{37CB4E80-CF3D-494A-B2EE-E22E6C1582A6}"
EndProject
Project("{8BC9CEB8-8B4A-11D0-8D11-00A0C91BC942}") = "M1_2", "M1_2\M1_2.vcxproj", "{FA55F265-4039-4BD3-928C-B7B0E23BDE0E}"
EndProject
Project("{8BC9CEB8-8B4A-11D0-8D11-00A0C91BC942}") = "M1_3", "M1_3\M1_3.vcxproj", "{ADF96205-A3D3-463F-B366-BFD93AB08DD3}"
EndProject
Project("{8BC9CEB8-8B4A-11D0-8D11-00A0C91BC942}") = "M2", "M2\M2.vcxproj", "{7CB78827-4EA7-45DC-A20A-B1976A12481E}"
EndProject
Project("{8BC9CEB8-8B4A-11D0-8D11-00A0C91BC942}") = "M2_AtividadeVivencial", "M2_AtividadeVivencial\M2_AtividadeVivencial.vcxproj", "{CF4D9530-5456-4CFB-AE5B-7F5CB245E0D3}"
EndProject
Project("{8BC9CEB8-8B4A-11D0-8D11-00A0C91BC942}") = "M3", "M3\M3.vcxproj", "{9D5710FF-2945-4931-850F-36D3C5109D43}"
EndProject
Global
	GlobalSection(SolutionConfigurationPlatforms) = preSolution
		Debug|x64 = Debug|x64
		Debug|x86 = Debug|x86
		Release|x64 = Release|x64
		Release|x86 = Release|x86
	EndGlobalSection
	GlobalSection(ProjectConfigurationPlatforms) = postSolution
		{37CB4E80-CF3D-494A-B2EE-E22E6C1582A6}.Debug|x64.ActiveCfg = Debug|x64
		{37CB4E80-CF3D-494A-B2EE-E22E6C1582A6}.Debug|x64.Build.0 = Debug|x64
		{37CB4E80-CF3D-494A-B2EE-E22E6C1582A6}.Debug|x86.ActiveCfg = Debug|Win32
		{37CB4E80-CF3D-494A-B2EE-E22E6C1582A6}.Debug|x86.Build.0 = Debug|Win32
		{37CB4E80-CF3D-494A-B2EE-E22E6C1582A6}.Release|x64.ActiveCfg = Release|x64
		{37CB4E80-CF3D-494A-B2EE-E22E6C1582A6}.Release|x64.Build.0 = Release|x64
		{37CB4E80-CF3D-494A-B2EE-E22E6C1582A6}.Release|x86.ActiveCfg = Release|Win32
		{37CB4E80-CF3D-494A-B2EE-E22E6C1582A6}.Release|x86.Build.0 = Release|Win32
		{FA55F265-4039-4BD3-928C-B7B0E23BDE0E}.Debug|x64.ActiveCfg = Debug|x64
		{FA55F265-4039-4BD3-928C-B7B0E23BDE0E}.Debug|x64.Build.0 = Debug|x64
		{FA55F265-4039-4BD3-928C-B7B0E23BDE0E}.Debug|x86.ActiveCfg = Debug|Win32
		{FA55F265-4039-4BD3-928C-B7B0E23BDE0E}.Debug|x86.Build.0 = Debug|Win32
		{FA55F265-4039-4BD3-928C-B7B0E23BDE0E}.Release|x64.ActiveCfg = Release|x64
		{FA55F265-4039-4BD3-928C-B7B0E23BDE0E}.Release|x64.Build.0 = Release|x64
		{FA55F265-4039-4BD3-928C-B7B0E23BDE0E}.Release|x86.ActiveCfg = Release|Win32
		{FA55F265-4039-4BD3-928C-B7B0E23BDE0E}.Release|x86.Build.0 = Release|Win32
		{ADF96205-A3D3-463F-B366-BFD93AB08DD3}.Debug|x64.ActiveCfg = Debug|x64
		{ADF96205-A3D3-463F-B366-BFD93AB08DD3}.Debug|x64.Build.0 = Debug|x64
		{ADF96205-A3D3-463F-B366-BFD93AB08DD3}.Debug|x86.ActiveCfg = Debug|Win32
		{ADF96205-A3D3-463F-B366-BFD93AB08DD3}.Debug|x86.Build.0 = Debug|Win32
		{ADF96205-A3D3-463F-B366-BFD93AB08DD3}.Release|x64.ActiveCfg = Release|x64
		{ADF96205-A3D3-463F-B366-BFD93AB08DD3}.Release|x64.Build.0 = Release|x64
		{ADF96205-A3D3-463F-B366-BFD93AB08DD3}.Release|x86.ActiveCfg = Release|Win32
		{ADF96205-A3D3-463F-B366-BFD93AB08DD3}.Release|x86.Build.0 = Release|Win32
		{7CB78827-4EA7-45DC-A20A-B1976A12481E}.Debug|x64.ActiveCfg = Debug|x64
		{7CB78827-4EA7-45DC-A20A-B1976A12481E}.Debug|x64.Build.0 = Debug|x64
		{7CB78827-4EA7-45DC-A20A-B1976A12481E}.Debug|x86.ActiveCfg = Debug|Win32
		{7CB78827-4EA7-45DC-A20A-B1976A12481E}.Debug|x86.Build.0 = Debug|Win32
		{7CB78827-4EA7-45DC-A20A-B1976A12481E}.Release|x64.ActiveCfg = Release|x64
		{7CB78827-4EA7-45DC-A20A-B1976A12481E}.Release|x64.Build.0 = Release|x64
		{7CB78827-4EA7-45DC-A20A-B1976A12481E}.Release|x86.ActiveCfg = Release|Win32
		{7CB78827-4EA7-45DC-A20A-B1976A12481E}.Release|x86.Build.0 = Release|Win32
		{CF4D9530-5456-4CFB-AE5B-7F5CB245E0D3}.Debug|x64.ActiveCfg = Debug|x64
		{CF4D9530-5456-4CFB-AE5B-7F5CB245E0D3}.Debug|x64.Build.0 = Debug|x64
		{CF4D9530-5456-4CFB-AE5B-7F5CB245E0D3}.Debug|x86.ActiveCfg = Debug|Win32
		{CF4D9530-5456-4CFB-AE5B-7F5CB245E0D3}.Debug|x86.Build.0 = Debug|Win32
		{CF4D9530-5456-4CFB-AE5B-7F5CB245E0D3}.Release|x64.ActiveCfg = Release|x64
		{CF4D9530-5456-4CFB-AE5B-7F5CB245E0D3}.Release|x64.Build.0 = Release|x64
		{CF4D9530-5456-4CFB-AE5B-7F5CB245E0D3}.Release|x86.ActiveCfg = Release|Win32
		{CF4D9530-5456-4CFB-AE5B-7F5CB245E0D3}.Release|x86.Build.0 = Release|Win32
		{9D5710FF-2945-4931-850F-36D3C5109D43}.Debug|x64.ActiveCfg = Debug|x64
		{9D5710FF-2945-4931-850F-36D3C5109D43}.Debug|x64.Build.0 = Debug|x64
		{9D5710FF-2945-4931-850F-36D3C5109D43}.Debug|x86.ActiveCfg = Debug|Win32
		{9D5710FF-2945-4931-850F-36D3C5109D43}.Debug|x86.Build.0 = Debug|Win32
		{9D5710FF-2945-4931-850F-36D3C5109D43}.Release|x64.ActiveCfg = Release|x64
		{9D5710FF-2945-4931-850F-36D3C5109D43}.Release|x64.Build.0 = Release|x64
		{9D5710FF-2945-4931-850F-36D3C5109D43}.Release|x86.ActiveCfg = Release|Win32
		{9D5710FF-2945-4931-850F-36D3C5109D43}.Release|x86.Build.0 = Release|Win32
	EndGlobalSection
	GlobalSection(SolutionProperties) = preSolution
		HideSolutionNode = FALSE
	EndGlobalSection
	GlobalSection(ExtensibilityGlobals) = postSolution
		SolutionGuid = {4B58C439-FABC-4AAC-B653-3173E6A70322}
	EndGlobalSection
EndGlobal
